{
    "version": 3,
    "terraform_version": "0.11.3",
    "serial": 18,
    "lineage": "dd61ff7c-5e30-40bf-88a6-da6749f42439",
    "modules": [
        {
            "path": [
                "root"
            ],
            "outputs": {
                "ip": {
                    "sensitive": false,
                    "type": "string",
                    "value": "52.206.217.177"
                }
            },
            "resources": {
                "aws_instance.tinfra": {
                    "type": "aws_instance",
                    "depends_on": [
                        "aws_security_group.tinfra"
                    ],
                    "primary": {
                        "id": "i-07be1024b28e61f70",
                        "attributes": {
                            "ami": "ami-66506c1c",
                            "associate_public_ip_address": "true",
                            "availability_zone": "us-east-1b",
                            "disable_api_termination": "false",
                            "ebs_block_device.#": "0",
                            "ebs_optimized": "false",
                            "ephemeral_block_device.#": "0",
                            "iam_instance_profile": "",
                            "id": "i-07be1024b28e61f70",
                            "instance_state": "running",
                            "instance_type": "t2.micro",
                            "ipv6_addresses.#": "0",
                            "key_name": "Ran_NV",
                            "monitoring": "false",
                            "network_interface.#": "0",
                            "network_interface_id": "eni-07ac2886",
                            "placement_group": "",
                            "primary_network_interface_id": "eni-07ac2886",
                            "private_dns": "ip-172-31-50-40.ec2.internal",
                            "private_ip": "172.31.50.40",
                            "public_dns": "ec2-52-206-217-177.compute-1.amazonaws.com",
                            "public_ip": "52.206.217.177",
                            "root_block_device.#": "1",
                            "root_block_device.0.delete_on_termination": "true",
                            "root_block_device.0.iops": "100",
                            "root_block_device.0.volume_id": "vol-0c71ec8a6f2a75188",
                            "root_block_device.0.volume_size": "8",
                            "root_block_device.0.volume_type": "gp2",
                            "security_groups.#": "1",
                            "security_groups.3822711795": "terraform-tinfra",
                            "source_dest_check": "true",
                            "subnet_id": "subnet-da583df7",
                            "tags.%": "1",
                            "tags.Name": "tinfra",
                            "tenancy": "default",
                            "volume_tags.%": "0",
                            "vpc_security_group_ids.#": "1",
                            "vpc_security_group_ids.907723391": "sg-16663a60"
                        },
                        "meta": {
                            "e2bfb730-ecaa-11e6-8f88-34363bc7c4c0": {
                                "create": 600000000000,
                                "delete": 1200000000000,
                                "update": 600000000000
                            },
                            "schema_version": "1"
                        },
                        "tainted": false
                    },
                    "deposed": [],
                    "provider": "provider.aws"
                },
                "aws_security_group.tinfra": {
                    "type": "aws_security_group",
                    "depends_on": [],
                    "primary": {
                        "id": "sg-16663a60",
                        "attributes": {
                            "description": "Created by terraform",
                            "egress.#": "0",
                            "id": "sg-16663a60",
                            "ingress.#": "2",
                            "ingress.2214680975.cidr_blocks.#": "1",
                            "ingress.2214680975.cidr_blocks.0": "0.0.0.0/0",
                            "ingress.2214680975.description": "",
                            "ingress.2214680975.from_port": "80",
                            "ingress.2214680975.ipv6_cidr_blocks.#": "0",
                            "ingress.2214680975.protocol": "tcp",
                            "ingress.2214680975.security_groups.#": "0",
                            "ingress.2214680975.self": "false",
                            "ingress.2214680975.to_port": "80",
                            "ingress.2541437006.cidr_blocks.#": "1",
                            "ingress.2541437006.cidr_blocks.0": "0.0.0.0/0",
                            "ingress.2541437006.description": "",
                            "ingress.2541437006.from_port": "22",
                            "ingress.2541437006.ipv6_cidr_blocks.#": "0",
                            "ingress.2541437006.protocol": "tcp",
                            "ingress.2541437006.security_groups.#": "0",
                            "ingress.2541437006.self": "false",
                            "ingress.2541437006.to_port": "22",
                            "name": "terraform-tinfra",
                            "owner_id": "511467497811",
                            "revoke_rules_on_delete": "false",
                            "tags.%": "0",
                            "vpc_id": "vpc-8058ffe6"
                        },
                        "meta": {
                            "schema_version": "1"
                        },
                        "tainted": false
                    },
                    "deposed": [],
                    "provider": "provider.aws"
                }
            },
            "depends_on": []
        }
    ]
}
